
Microsoft Visual Studio Solution File, Format Version 12.00
# Visual Studio 15
Project("{FAE04EC0-301F-11D3-BF4B-00C04F79EFBC}") = "Mirror", "Mirror.csproj", "{E79B080C-F787-7A2B-660F-455860D0D53A}"
EndProject
Project("{FAE04EC0-301F-11D3-BF4B-00C04F79EFBC}") = "SimpleWebTransport", "SimpleWebTransport.csproj", "{10397963-6C74-BB77-22C4-C95B9B423BE3}"
EndProject
Project("{FAE04EC0-301F-11D3-BF4B-00C04F79EFBC}") = "Mirror.Examples", "Mirror.Examples.csproj", "{031B59F3-4477-26CC-7FA6-3679873272BE}"
EndProject
Project("{FAE04EC0-301F-11D3-BF4B-00C04F79EFBC}") = "Mirror.Components", "Mirror.Components.csproj", "{925E40B3-AE71-F509-9C87-903D2E713766}"
EndProject
Project("{FAE04EC0-301F-11D3-BF4B-00C04F79EFBC}") = "Telepathy", "Telepathy.csproj", "{CE28A392-50B2-A0F7-F7C5-1BFA47A603DD}"
EndProject
Project("{FAE04EC0-301F-11D3-BF4B-00C04F79EFBC}") = "Mirror.Authenticators", "Mirror.Authenticators.csproj", "{807CCF5B-CDEE-A778-DEE0-E77441189E79}"
EndProject
Project("{FAE04EC0-301F-11D3-BF4B-00C04F79EFBC}") = "kcp2k", "kcp2k.csproj", "{219691C5-C9CD-2B70-9077-B1DDBDD2AE92}"
EndProject
Project("{FAE04EC0-301F-11D3-BF4B-00C04F79EFBC}") = "Assembly-CSharp", "Assembly-CSharp.csproj", "{FA0DD5EE-44D2-418C-C80E-90E43C0A6925}"
EndProject
Project("{FAE04EC0-301F-11D3-BF4B-00C04F79EFBC}") = "where-allocations", "where-allocations.csproj", "{C956EA25-4D6D-4B62-4F56-9C2AEF05AF00}"
EndProject
Project("{FAE04EC0-301F-11D3-BF4B-00C04F79EFBC}") = "Unity.Mirror.CodeGen", "Unity.Mirror.CodeGen.csproj", "{1C06C435-D41C-6145-4C82-7CB07645E6C1}"
EndProject
Project("{FAE04EC0-301F-11D3-BF4B-00C04F79EFBC}") = "Mirror.Editor", "Mirror.Editor.csproj", "{D68505AB-D29F-0F53-67E0-DCA3CC7B3DD4}"
EndProject
Project("{FAE04EC0-301F-11D3-BF4B-00C04F79EFBC}") = "Mirror.CompilerSymbols", "Mirror.CompilerSymbols.csproj", "{D9A32805-D1AB-0678-DDBB-56CFC26D6D7E}"
EndProject
Global
	GlobalSection(SolutionConfigurationPlatforms) = preSolution
		Debug|Any CPU = Debug|Any CPU
		Release|Any CPU = Release|Any CPU
	EndGlobalSection
	GlobalSection(ProjectConfigurationPlatforms) = postSolution
		{E79B080C-F787-7A2B-660F-455860D0D53A}.Debug|Any CPU.ActiveCfg = Debug|Any CPU
		{E79B080C-F787-7A2B-660F-455860D0D53A}.Debug|Any CPU.Build.0 = Debug|Any CPU
		{E79B080C-F787-7A2B-660F-455860D0D53A}.Release|Any CPU.ActiveCfg = Release|Any CPU
		{E79B080C-F787-7A2B-660F-455860D0D53A}.Release|Any CPU.Build.0 = Release|Any CPU
		{10397963-6C74-BB77-22C4-C95B9B423BE3}.Debug|Any CPU.ActiveCfg = Debug|Any CPU
		{10397963-6C74-BB77-22C4-C95B9B423BE3}.Debug|Any CPU.Build.0 = Debug|Any CPU
		{10397963-6C74-BB77-22C4-C95B9B423BE3}.Release|Any CPU.ActiveCfg = Release|Any CPU
		{10397963-6C74-BB77-22C4-C95B9B423BE3}.Release|Any CPU.Build.0 = Release|Any CPU
		{031B59F3-4477-26CC-7FA6-3679873272BE}.Debug|Any CPU.ActiveCfg = Debug|Any CPU
		{031B59F3-4477-26CC-7FA6-3679873272BE}.Debug|Any CPU.Build.0 = Debug|Any CPU
		{031B59F3-4477-26CC-7FA6-3679873272BE}.Release|Any CPU.ActiveCfg = Release|Any CPU
		{031B59F3-4477-26CC-7FA6-3679873272BE}.Release|Any CPU.Build.0 = Release|Any CPU
		{925E40B3-AE71-F509-9C87-903D2E713766}.Debug|Any CPU.ActiveCfg = Debug|Any CPU
		{925E40B3-AE71-F509-9C87-903D2E713766}.Debug|Any CPU.Build.0 = Debug|Any CPU
		{925E40B3-AE71-F509-9C87-903D2E713766}.Release|Any CPU.ActiveCfg = Release|Any CPU
		{925E40B3-AE71-F509-9C87-903D2E713766}.Release|Any CPU.Build.0 = Release|Any CPU
		{CE28A392-50B2-A0F7-F7C5-1BFA47A603DD}.Debug|Any CPU.ActiveCfg = Debug|Any CPU
		{CE28A392-50B2-A0F7-F7C5-1BFA47A603DD}.Debug|Any CPU.Build.0 = Debug|Any CPU
		{CE28A392-50B2-A0F7-F7C5-1BFA47A603DD}.Release|Any CPU.ActiveCfg = Release|Any CPU
		{CE28A392-50B2-A0F7-F7C5-1BFA47A603DD}.Release|Any CPU.Build.0 = Release|Any CPU
		{807CCF5B-CDEE-A778-DEE0-E77441189E79}.Debug|Any CPU.ActiveCfg = Debug|Any CPU
		{807CCF5B-CDEE-A778-DEE0-E77441189E79}.Debug|Any CPU.Build.0 = Debug|Any CPU
		{807CCF5B-CDEE-A778-DEE0-E77441189E79}.Release|Any CPU.ActiveCfg = Release|Any CPU
		{807CCF5B-CDEE-A778-DEE0-E77441189E79}.Release|Any CPU.Build.0 = Release|Any CPU
		{219691C5-C9CD-2B70-9077-B1DDBDD2AE92}.Debug|Any CPU.ActiveCfg = Debug|Any CPU
		{219691C5-C9CD-2B70-9077-B1DDBDD2AE92}.Debug|Any CPU.Build.0 = Debug|Any CPU
		{219691C5-C9CD-2B70-9077-B1DDBDD2AE92}.Release|Any CPU.ActiveCfg = Release|Any CPU
		{219691C5-C9CD-2B70-9077-B1DDBDD2AE92}.Release|Any CPU.Build.0 = Release|Any CPU
		{FA0DD5EE-44D2-418C-C80E-90E43C0A6925}.Debug|Any CPU.ActiveCfg = Debug|Any CPU
		{FA0DD5EE-44D2-418C-C80E-90E43C0A6925}.Debug|Any CPU.Build.0 = Debug|Any CPU
		{FA0DD5EE-44D2-418C-C80E-90E43C0A6925}.Release|Any CPU.ActiveCfg = Release|Any CPU
		{FA0DD5EE-44D2-418C-C80E-90E43C0A6925}.Release|Any CPU.Build.0 = Release|Any CPU
		{C956EA25-4D6D-4B62-4F56-9C2AEF05AF00}.Debug|Any CPU.ActiveCfg = Debug|Any CPU
		{C956EA25-4D6D-4B62-4F56-9C2AEF05AF00}.Debug|Any CPU.Build.0 = Debug|Any CPU
		{C956EA25-4D6D-4B62-4F56-9C2AEF05AF00}.Release|Any CPU.ActiveCfg = Release|Any CPU
		{C956EA25-4D6D-4B62-4F56-9C2AEF05AF00}.Release|Any CPU.Build.0 = Release|Any CPU
		{1C06C435-D41C-6145-4C82-7CB07645E6C1}.Debug|Any CPU.ActiveCfg = Debug|Any CPU
		{1C06C435-D41C-6145-4C82-7CB07645E6C1}.Debug|Any CPU.Build.0 = Debug|Any CPU
		{1C06C435-D41C-6145-4C82-7CB07645E6C1}.Release|Any CPU.ActiveCfg = Release|Any CPU
		{1C06C435-D41C-6145-4C82-7CB07645E6C1}.Release|Any CPU.Build.0 = Release|Any CPU
		{D68505AB-D29F-0F53-67E0-DCA3CC7B3DD4}.Debug|Any CPU.ActiveCfg = Debug|Any CPU
		{D68505AB-D29F-0F53-67E0-DCA3CC7B3DD4}.Debug|Any CPU.Build.0 = Debug|Any CPU
		{D68505AB-D29F-0F53-67E0-DCA3CC7B3DD4}.Release|Any CPU.ActiveCfg = Release|Any CPU
		{D68505AB-D29F-0F53-67E0-DCA3CC7B3DD4}.Release|Any CPU.Build.0 = Release|Any CPU
		{D9A32805-D1AB-0678-DDBB-56CFC26D6D7E}.Debug|Any CPU.ActiveCfg = Debug|Any CPU
		{D9A32805-D1AB-0678-DDBB-56CFC26D6D7E}.Debug|Any CPU.Build.0 = Debug|Any CPU
		{D9A32805-D1AB-0678-DDBB-56CFC26D6D7E}.Release|Any CPU.ActiveCfg = Release|Any CPU
		{D9A32805-D1AB-0678-DDBB-56CFC26D6D7E}.Release|Any CPU.Build.0 = Release|Any CPU
	EndGlobalSection
	GlobalSection(SolutionProperties) = preSolution
		HideSolutionNode = FALSE
	EndGlobalSection
EndGlobal
